
Microsoft Visual Studio Solution File, Format Version 12.00
# Visual Studio Version 17
VisualStudioVersion = 17.8.34330.188
MinimumVisualStudioVersion = 10.0.40219.1
Project("{FAE04EC0-301F-11D3-BF4B-00C04F79EFBC}") = "LibraryManager", "LibraryManager\LibraryManager.csproj", "{CC9BB2F3-F3AB-44D6-BA01-D8540BC77D48}"
EndProject
Global
	GlobalSection(SolutionConfigurationPlatforms) = preSolution
		Debug|Any CPU = Debug|Any CPU
		Release|Any CPU = Release|Any CPU
	EndGlobalSection
	GlobalSection(ProjectConfigurationPlatforms) = postSolution
		{CC9BB2F3-F3AB-44D6-BA01-D8540BC77D48}.Debug|Any CPU.ActiveCfg = Debug|Any CPU
		{CC9BB2F3-F3AB-44D6-BA01-D8540BC77D48}.Debug|Any CPU.Build.0 = Debug|Any CPU
		{CC9BB2F3-F3AB-44D6-BA01-D8540BC77D48}.Release|Any CPU.ActiveCfg = Release|Any CPU
		{CC9BB2F3-F3AB-44D6-BA01-D8540BC77D48}.Release|Any CPU.Build.0 = Release|Any CPU
	EndGlobalSection
	GlobalSection(SolutionProperties) = preSolution
		HideSolutionNode = FALSE
	EndGlobalSection
	GlobalSection(ExtensibilityGlobals) = postSolution
		SolutionGuid = {63B6DDCE-35B0-4F2C-BA1E-E86D6AA3F435}
	EndGlobalSection
EndGlobal
